
Microsoft Visual Studio Solution File, Format Version 12.00
# Visual Studio Version 17
VisualStudioVersion = 17.4.33403.182
MinimumVisualStudioVersion = 10.0.40219.1
Project("{FAE04EC0-301F-11D3-BF4B-00C04F79EFBC}") = "task_25", "task_25\task_25.csproj", "{0170809E-BC5F-476F-9EF4-4697D04D7E28}"
EndProject
Global
	GlobalSection(SolutionConfigurationPlatforms) = preSolution
		Debug|Any CPU = Debug|Any CPU
		Release|Any CPU = Release|Any CPU
	EndGlobalSection
	GlobalSection(ProjectConfigurationPlatforms) = postSolution
		{0170809E-BC5F-476F-9EF4-4697D04D7E28}.Debug|Any CPU.ActiveCfg = Debug|Any CPU
		{0170809E-BC5F-476F-9EF4-4697D04D7E28}.Debug|Any CPU.Build.0 = Debug|Any CPU
		{0170809E-BC5F-476F-9EF4-4697D04D7E28}.Release|Any CPU.ActiveCfg = Release|Any CPU
		{0170809E-BC5F-476F-9EF4-4697D04D7E28}.Release|Any CPU.Build.0 = Release|Any CPU
	EndGlobalSection
	GlobalSection(SolutionProperties) = preSolution
		HideSolutionNode = FALSE
	EndGlobalSection
	GlobalSection(ExtensibilityGlobals) = postSolution
		SolutionGuid = {5F17EAC2-5EC1-4A3B-B266-454BD6662950}
	EndGlobalSection
EndGlobal
